
Microsoft Visual Studio Solution File, Format Version 12.00
# Visual Studio 15
VisualStudioVersion = 15.0.28307.902
MinimumVisualStudioVersion = 10.0.40219.1
Project("{FAE04EC0-301F-11D3-BF4B-00C04F79EFBC}") = "Joaum2", "Joaum2\Joaum2.csproj", "{C8BC9315-2128-4646-A7FF-5E7931FDBACC}"
EndProject
Global
	GlobalSection(SolutionConfigurationPlatforms) = preSolution
		Debug|Any CPU = Debug|Any CPU
		Release|Any CPU = Release|Any CPU
	EndGlobalSection
	GlobalSection(ProjectConfigurationPlatforms) = postSolution
		{C8BC9315-2128-4646-A7FF-5E7931FDBACC}.Debug|Any CPU.ActiveCfg = Debug|Any CPU
		{C8BC9315-2128-4646-A7FF-5E7931FDBACC}.Debug|Any CPU.Build.0 = Debug|Any CPU
		{C8BC9315-2128-4646-A7FF-5E7931FDBACC}.Release|Any CPU.ActiveCfg = Release|Any CPU
		{C8BC9315-2128-4646-A7FF-5E7931FDBACC}.Release|Any CPU.Build.0 = Release|Any CPU
	EndGlobalSection
	GlobalSection(SolutionProperties) = preSolution
		HideSolutionNode = FALSE
	EndGlobalSection
	GlobalSection(ExtensibilityGlobals) = postSolution
		SolutionGuid = {1BE4EB87-D4A3-4825-99B4-70F682DC176D}
	EndGlobalSection
EndGlobal
